
Microsoft Visual Studio Solution File, Format Version 12.00
# Visual Studio Version 17
VisualStudioVersion = 17.5.33502.453
MinimumVisualStudioVersion = 10.0.40219.1
Project("{2150E333-8FDC-42A3-9474-1A3956D46DE8}") = "Internal", "Internal", "{5FDED38C-902D-4C4E-B1E5-6553D226B172}"
	ProjectSection(SolutionItems) = preProject
		Internal\.editorconfig = Internal\.editorconfig
	EndProjectSection
EndProject
Project("{2150E333-8FDC-42A3-9474-1A3956D46DE8}") = "QActions", "QActions", "{AC3D9A76-D651-4315-8089-E2F4D03C16EE}"
EndProject
Project("{2150E333-8FDC-42A3-9474-1A3956D46DE8}") = "Solution Items", "Solution Items", "{3EBD5AC2-944D-4D63-B287-35C58321507F}"
	ProjectSection(SolutionItems) = preProject
		protocol.xml = protocol.xml
	EndProjectSection
EndProject
Project("{2150E333-8FDC-42A3-9474-1A3956D46DE8}") = "Tests", "Tests", "{04305366-A409-4B24-87F4-754FC9135DA1}"
EndProject
Project("{9A19103F-16F7-4668-BE54-9A1E7A4F7556}") = "QAction_Helper", "QAction_Helper\QAction_Helper.csproj", "{7587A42C-1C69-454F-B74A-1E791305FEFE}"
EndProject
Project("{9A19103F-16F7-4668-BE54-9A1E7A4F7556}") = "QAction_1", "QAction_1\QAction_1.csproj", "{9C642B48-58B3-4766-8EC3-47F60FFDF1A8}"
EndProject
Project("{9A19103F-16F7-4668-BE54-9A1E7A4F7556}") = "QAction_2", "QAction_2\QAction_2.csproj", "{A6F83612-702E-4AAD-96EE-B90495C56516}"
EndProject
Global
	GlobalSection(SolutionConfigurationPlatforms) = preSolution
		Debug|Any CPU = Debug|Any CPU
		Release|Any CPU = Release|Any CPU
	EndGlobalSection
	GlobalSection(ProjectConfigurationPlatforms) = postSolution
		{7587A42C-1C69-454F-B74A-1E791305FEFE}.Debug|Any CPU.ActiveCfg = Debug|Any CPU
		{7587A42C-1C69-454F-B74A-1E791305FEFE}.Debug|Any CPU.Build.0 = Debug|Any CPU
		{7587A42C-1C69-454F-B74A-1E791305FEFE}.Release|Any CPU.ActiveCfg = Release|Any CPU
		{7587A42C-1C69-454F-B74A-1E791305FEFE}.Release|Any CPU.Build.0 = Release|Any CPU
		{9C642B48-58B3-4766-8EC3-47F60FFDF1A8}.Debug|Any CPU.ActiveCfg = Debug|Any CPU
		{9C642B48-58B3-4766-8EC3-47F60FFDF1A8}.Debug|Any CPU.Build.0 = Debug|Any CPU
		{9C642B48-58B3-4766-8EC3-47F60FFDF1A8}.Release|Any CPU.ActiveCfg = Release|Any CPU
		{9C642B48-58B3-4766-8EC3-47F60FFDF1A8}.Release|Any CPU.Build.0 = Release|Any CPU
		{A6F83612-702E-4AAD-96EE-B90495C56516}.Debug|Any CPU.ActiveCfg = Debug|Any CPU
		{A6F83612-702E-4AAD-96EE-B90495C56516}.Debug|Any CPU.Build.0 = Debug|Any CPU
		{A6F83612-702E-4AAD-96EE-B90495C56516}.Release|Any CPU.ActiveCfg = Release|Any CPU
		{A6F83612-702E-4AAD-96EE-B90495C56516}.Release|Any CPU.Build.0 = Release|Any CPU
	EndGlobalSection
	GlobalSection(SolutionProperties) = preSolution
		HideSolutionNode = FALSE
	EndGlobalSection
	GlobalSection(NestedProjects) = preSolution
		{7587A42C-1C69-454F-B74A-1E791305FEFE} = {5FDED38C-902D-4C4E-B1E5-6553D226B172}
		{9C642B48-58B3-4766-8EC3-47F60FFDF1A8} = {AC3D9A76-D651-4315-8089-E2F4D03C16EE}
		{A6F83612-702E-4AAD-96EE-B90495C56516} = {AC3D9A76-D651-4315-8089-E2F4D03C16EE}
	EndGlobalSection
	GlobalSection(ExtensibilityGlobals) = postSolution
		SolutionGuid = {5992B01D-BB76-478F-B72B-91AB66E2FA29}
	EndGlobalSection
EndGlobal
