
Microsoft Visual Studio Solution File, Format Version 12.00
# Visual Studio Version 17
VisualStudioVersion = 17.7.34221.43
MinimumVisualStudioVersion = 10.0.40219.1
Project("{9A19103F-16F7-4668-BE54-9A1E7A4F7556}") = "Common", "Common\Common.csproj", "{6C83F73E-1130-46EF-BB3C-67573F987AFE}"
EndProject
Project("{9A19103F-16F7-4668-BE54-9A1E7A4F7556}") = "CommonTests", "CommonTests\CommonTests.csproj", "{F760B82D-32DB-4E92-BE56-AF7851D613F0}"
EndProject
Project("{9A19103F-16F7-4668-BE54-9A1E7A4F7556}") = "Protocol", "Protocol\Protocol.csproj", "{6FC9147E-BC54-423B-8944-4DD0FB6C8D67}"
EndProject
Project("{9A19103F-16F7-4668-BE54-9A1E7A4F7556}") = "Protocol.Features", "Protocol.Features\Protocol.Features.csproj", "{F0CFD8E3-CD0F-44CC-8084-D0A7763ACFB6}"
EndProject
Project("{9A19103F-16F7-4668-BE54-9A1E7A4F7556}") = "Protocol.FeaturesTests", "Protocol.FeaturesTests\Protocol.FeaturesTests.csproj", "{0FFE732D-8E87-49BE-851A-F712FA9D3C2D}"
EndProject
Project("{9A19103F-16F7-4668-BE54-9A1E7A4F7556}") = "ProtocolTests", "ProtocolTests\ProtocolTests.csproj", "{42E0CF2D-0C8F-4684-B558-CA9B21F511A1}"
EndProject
Project("{9A19103F-16F7-4668-BE54-9A1E7A4F7556}") = "Common.Testing", "Common.Testing\Common.Testing.csproj", "{35C04876-E62F-4114-B18B-161442AF71DC}"
EndProject
Project("{9A19103F-16F7-4668-BE54-9A1E7A4F7556}") = "ProtocolTests.SchemaGenerator", "ProtocolTests.SchemaGenerator\ProtocolTests.SchemaGenerator.csproj", "{A3278AF2-05A5-4953-9746-2821B4D07740}"
EndProject
Project("{9A19103F-16F7-4668-BE54-9A1E7A4F7556}") = "Validator Management Tool", "Validator Management Tool\Validator Management Tool.csproj", "{82F5E0F7-A112-489E-9480-D4ECD9FACB4E}"
EndProject
Project("{2150E333-8FDC-42A3-9474-1A3956D46DE8}") = "Solution Items", "Solution Items", "{05CEF32A-43AD-4D8F-8FA8-AC1A61900AD5}"
	ProjectSection(SolutionItems) = preProject
		README.md = README.md
	EndProjectSection
EndProject
Project("{9A19103F-16F7-4668-BE54-9A1E7A4F7556}") = "ExportErrorMessages", "ExportErrorMessages\ExportErrorMessages.csproj", "{3E7A31D2-489F-4D77-8F12-39593893CAE3}"
EndProject
Project("{9A19103F-16F7-4668-BE54-9A1E7A4F7556}") = "Skyline.DataMiner.CICD.Tools.Validator", "Skyline.DataMiner.CICD.Tools.Validator\Skyline.DataMiner.CICD.Tools.Validator.csproj", "{168477A6-B3F0-4977-B333-B4D812DC21B8}"
EndProject
Project("{FAE04EC0-301F-11D3-BF4B-00C04F79EFBC}") = "ValidatorErrorsToMarkdown", "ValidatorErrorsToMarkdown\ValidatorErrorsToMarkdown.csproj", "{02A32126-32AF-F5DE-FEAA-48BCB470F073}"
EndProject
Project("{FAE04EC0-301F-11D3-BF4B-00C04F79EFBC}") = "ValidatorErrorsToMarkdownTests", "ValidatorErrorsToMarkdownTests\ValidatorErrorsToMarkdownTests.csproj", "{E56987F3-7640-07AE-7B3F-22C5CD492C4D}"
EndProject
Global
	GlobalSection(SolutionConfigurationPlatforms) = preSolution
		Debug|Any CPU = Debug|Any CPU
		Release|Any CPU = Release|Any CPU
	EndGlobalSection
	GlobalSection(ProjectConfigurationPlatforms) = postSolution
		{6C83F73E-1130-46EF-BB3C-67573F987AFE}.Debug|Any CPU.ActiveCfg = Debug|Any CPU
		{6C83F73E-1130-46EF-BB3C-67573F987AFE}.Debug|Any CPU.Build.0 = Debug|Any CPU
		{6C83F73E-1130-46EF-BB3C-67573F987AFE}.Release|Any CPU.ActiveCfg = Release|Any CPU
		{6C83F73E-1130-46EF-BB3C-67573F987AFE}.Release|Any CPU.Build.0 = Release|Any CPU
		{F760B82D-32DB-4E92-BE56-AF7851D613F0}.Debug|Any CPU.ActiveCfg = Debug|Any CPU
		{F760B82D-32DB-4E92-BE56-AF7851D613F0}.Debug|Any CPU.Build.0 = Debug|Any CPU
		{F760B82D-32DB-4E92-BE56-AF7851D613F0}.Release|Any CPU.ActiveCfg = Release|Any CPU
		{F760B82D-32DB-4E92-BE56-AF7851D613F0}.Release|Any CPU.Build.0 = Release|Any CPU
		{6FC9147E-BC54-423B-8944-4DD0FB6C8D67}.Debug|Any CPU.ActiveCfg = Debug|Any CPU
		{6FC9147E-BC54-423B-8944-4DD0FB6C8D67}.Debug|Any CPU.Build.0 = Debug|Any CPU
		{6FC9147E-BC54-423B-8944-4DD0FB6C8D67}.Release|Any CPU.ActiveCfg = Release|Any CPU
		{6FC9147E-BC54-423B-8944-4DD0FB6C8D67}.Release|Any CPU.Build.0 = Release|Any CPU
		{F0CFD8E3-CD0F-44CC-8084-D0A7763ACFB6}.Debug|Any CPU.ActiveCfg = Debug|Any CPU
		{F0CFD8E3-CD0F-44CC-8084-D0A7763ACFB6}.Debug|Any CPU.Build.0 = Debug|Any CPU
		{F0CFD8E3-CD0F-44CC-8084-D0A7763ACFB6}.Release|Any CPU.ActiveCfg = Release|Any CPU
		{F0CFD8E3-CD0F-44CC-8084-D0A7763ACFB6}.Release|Any CPU.Build.0 = Release|Any CPU
		{0FFE732D-8E87-49BE-851A-F712FA9D3C2D}.Debug|Any CPU.ActiveCfg = Debug|Any CPU
		{0FFE732D-8E87-49BE-851A-F712FA9D3C2D}.Debug|Any CPU.Build.0 = Debug|Any CPU
		{0FFE732D-8E87-49BE-851A-F712FA9D3C2D}.Release|Any CPU.ActiveCfg = Release|Any CPU
		{0FFE732D-8E87-49BE-851A-F712FA9D3C2D}.Release|Any CPU.Build.0 = Release|Any CPU
		{42E0CF2D-0C8F-4684-B558-CA9B21F511A1}.Debug|Any CPU.ActiveCfg = Debug|Any CPU
		{42E0CF2D-0C8F-4684-B558-CA9B21F511A1}.Debug|Any CPU.Build.0 = Debug|Any CPU
		{42E0CF2D-0C8F-4684-B558-CA9B21F511A1}.Release|Any CPU.ActiveCfg = Release|Any CPU
		{42E0CF2D-0C8F-4684-B558-CA9B21F511A1}.Release|Any CPU.Build.0 = Release|Any CPU
		{35C04876-E62F-4114-B18B-161442AF71DC}.Debug|Any CPU.ActiveCfg = Debug|Any CPU
		{35C04876-E62F-4114-B18B-161442AF71DC}.Debug|Any CPU.Build.0 = Debug|Any CPU
		{35C04876-E62F-4114-B18B-161442AF71DC}.Release|Any CPU.ActiveCfg = Release|Any CPU
		{35C04876-E62F-4114-B18B-161442AF71DC}.Release|Any CPU.Build.0 = Release|Any CPU
		{A3278AF2-05A5-4953-9746-2821B4D07740}.Debug|Any CPU.ActiveCfg = Debug|Any CPU
		{A3278AF2-05A5-4953-9746-2821B4D07740}.Debug|Any CPU.Build.0 = Debug|Any CPU
		{A3278AF2-05A5-4953-9746-2821B4D07740}.Release|Any CPU.ActiveCfg = Release|Any CPU
		{A3278AF2-05A5-4953-9746-2821B4D07740}.Release|Any CPU.Build.0 = Release|Any CPU
		{82F5E0F7-A112-489E-9480-D4ECD9FACB4E}.Debug|Any CPU.ActiveCfg = Debug|Any CPU
		{82F5E0F7-A112-489E-9480-D4ECD9FACB4E}.Debug|Any CPU.Build.0 = Debug|Any CPU
		{82F5E0F7-A112-489E-9480-D4ECD9FACB4E}.Release|Any CPU.ActiveCfg = Release|Any CPU
		{82F5E0F7-A112-489E-9480-D4ECD9FACB4E}.Release|Any CPU.Build.0 = Release|Any CPU
		{3E7A31D2-489F-4D77-8F12-39593893CAE3}.Debug|Any CPU.ActiveCfg = Debug|Any CPU
		{3E7A31D2-489F-4D77-8F12-39593893CAE3}.Debug|Any CPU.Build.0 = Debug|Any CPU
		{3E7A31D2-489F-4D77-8F12-39593893CAE3}.Release|Any CPU.ActiveCfg = Release|Any CPU
		{3E7A31D2-489F-4D77-8F12-39593893CAE3}.Release|Any CPU.Build.0 = Release|Any CPU
		{168477A6-B3F0-4977-B333-B4D812DC21B8}.Debug|Any CPU.ActiveCfg = Debug|Any CPU
		{168477A6-B3F0-4977-B333-B4D812DC21B8}.Debug|Any CPU.Build.0 = Debug|Any CPU
		{168477A6-B3F0-4977-B333-B4D812DC21B8}.Release|Any CPU.ActiveCfg = Release|Any CPU
		{168477A6-B3F0-4977-B333-B4D812DC21B8}.Release|Any CPU.Build.0 = Release|Any CPU
		{02A32126-32AF-F5DE-FEAA-48BCB470F073}.Debug|Any CPU.ActiveCfg = Debug|Any CPU
		{02A32126-32AF-F5DE-FEAA-48BCB470F073}.Debug|Any CPU.Build.0 = Debug|Any CPU
		{02A32126-32AF-F5DE-FEAA-48BCB470F073}.Release|Any CPU.ActiveCfg = Release|Any CPU
		{02A32126-32AF-F5DE-FEAA-48BCB470F073}.Release|Any CPU.Build.0 = Release|Any CPU
		{E56987F3-7640-07AE-7B3F-22C5CD492C4D}.Debug|Any CPU.ActiveCfg = Debug|Any CPU
		{E56987F3-7640-07AE-7B3F-22C5CD492C4D}.Debug|Any CPU.Build.0 = Debug|Any CPU
		{E56987F3-7640-07AE-7B3F-22C5CD492C4D}.Release|Any CPU.ActiveCfg = Release|Any CPU
		{E56987F3-7640-07AE-7B3F-22C5CD492C4D}.Release|Any CPU.Build.0 = Release|Any CPU
	EndGlobalSection
	GlobalSection(SolutionProperties) = preSolution
		HideSolutionNode = FALSE
	EndGlobalSection
	GlobalSection(ExtensibilityGlobals) = postSolution
		SolutionGuid = {014D26A1-5C06-445C-85FF-4356501918FB}
	EndGlobalSection
EndGlobal
